
Microsoft Visual Studio Solution File, Format Version 12.00
# Visual Studio 14
VisualStudioVersion = 14.0.25123.0
MinimumVisualStudioVersion = 10.0.40219.1
Project("{FAE04EC0-301F-11D3-BF4B-00C04F79EFBC}") = "BudgetTracker", "BudgetTracker\BudgetTracker.csproj", "{C39D5689-B686-4575-88EE-871611B6413E}"
EndProject
Project("{FAE04EC0-301F-11D3-BF4B-00C04F79EFBC}") = "SharedPCL", "SharedPCL\SharedPCL.csproj", "{8A671289-B506-4AB7-8E5D-963025979446}"
EndProject
Project("{FAE04EC0-301F-11D3-BF4B-00C04F79EFBC}") = "BudgetTracker.Data", "BudgetTracker.Data\BudgetTracker.Data.csproj", "{C9914AC9-7F1C-4043-806C-86D0A9C03A9E}"
EndProject
Project("{FAE04EC0-301F-11D3-BF4B-00C04F79EFBC}") = "BudgetTracker.iPhone", "BudgetTracker.iPhone\BudgetTracker.iPhone.csproj", "{879CA5C3-A7D3-45EA-9B6B-72F2FF5B02F1}"
EndProject
Global
	GlobalSection(SolutionConfigurationPlatforms) = preSolution
		Ad-Hoc|Any CPU = Ad-Hoc|Any CPU
		Ad-Hoc|iPhone = Ad-Hoc|iPhone
		Ad-Hoc|iPhoneSimulator = Ad-Hoc|iPhoneSimulator
		AppStore|Any CPU = AppStore|Any CPU
		AppStore|iPhone = AppStore|iPhone
		AppStore|iPhoneSimulator = AppStore|iPhoneSimulator
		Debug|Any CPU = Debug|Any CPU
		Debug|iPhone = Debug|iPhone
		Debug|iPhoneSimulator = Debug|iPhoneSimulator
		Release|Any CPU = Release|Any CPU
		Release|iPhone = Release|iPhone
		Release|iPhoneSimulator = Release|iPhoneSimulator
	EndGlobalSection
	GlobalSection(ProjectConfigurationPlatforms) = postSolution
		{C39D5689-B686-4575-88EE-871611B6413E}.Ad-Hoc|Any CPU.ActiveCfg = Release|Any CPU
		{C39D5689-B686-4575-88EE-871611B6413E}.Ad-Hoc|Any CPU.Build.0 = Release|Any CPU
		{C39D5689-B686-4575-88EE-871611B6413E}.Ad-Hoc|Any CPU.Deploy.0 = Release|Any CPU
		{C39D5689-B686-4575-88EE-871611B6413E}.Ad-Hoc|iPhone.ActiveCfg = Release|Any CPU
		{C39D5689-B686-4575-88EE-871611B6413E}.Ad-Hoc|iPhone.Build.0 = Release|Any CPU
		{C39D5689-B686-4575-88EE-871611B6413E}.Ad-Hoc|iPhone.Deploy.0 = Release|Any CPU
		{C39D5689-B686-4575-88EE-871611B6413E}.Ad-Hoc|iPhoneSimulator.ActiveCfg = Release|Any CPU
		{C39D5689-B686-4575-88EE-871611B6413E}.Ad-Hoc|iPhoneSimulator.Build.0 = Release|Any CPU
		{C39D5689-B686-4575-88EE-871611B6413E}.Ad-Hoc|iPhoneSimulator.Deploy.0 = Release|Any CPU
		{C39D5689-B686-4575-88EE-871611B6413E}.AppStore|Any CPU.ActiveCfg = Release|Any CPU
		{C39D5689-B686-4575-88EE-871611B6413E}.AppStore|Any CPU.Build.0 = Release|Any CPU
		{C39D5689-B686-4575-88EE-871611B6413E}.AppStore|Any CPU.Deploy.0 = Release|Any CPU
		{C39D5689-B686-4575-88EE-871611B6413E}.AppStore|iPhone.ActiveCfg = Release|Any CPU
		{C39D5689-B686-4575-88EE-871611B6413E}.AppStore|iPhone.Build.0 = Release|Any CPU
		{C39D5689-B686-4575-88EE-871611B6413E}.AppStore|iPhone.Deploy.0 = Release|Any CPU
		{C39D5689-B686-4575-88EE-871611B6413E}.AppStore|iPhoneSimulator.ActiveCfg = Release|Any CPU
		{C39D5689-B686-4575-88EE-871611B6413E}.AppStore|iPhoneSimulator.Build.0 = Release|Any CPU
		{C39D5689-B686-4575-88EE-871611B6413E}.AppStore|iPhoneSimulator.Deploy.0 = Release|Any CPU
		{C39D5689-B686-4575-88EE-871611B6413E}.Debug|Any CPU.ActiveCfg = Debug|Any CPU
		{C39D5689-B686-4575-88EE-871611B6413E}.Debug|Any CPU.Build.0 = Debug|Any CPU
		{C39D5689-B686-4575-88EE-871611B6413E}.Debug|Any CPU.Deploy.0 = Debug|Any CPU
		{C39D5689-B686-4575-88EE-871611B6413E}.Debug|iPhone.ActiveCfg = Debug|Any CPU
		{C39D5689-B686-4575-88EE-871611B6413E}.Debug|iPhone.Build.0 = Debug|Any CPU
		{C39D5689-B686-4575-88EE-871611B6413E}.Debug|iPhone.Deploy.0 = Debug|Any CPU
		{C39D5689-B686-4575-88EE-871611B6413E}.Debug|iPhoneSimulator.ActiveCfg = Debug|Any CPU
		{C39D5689-B686-4575-88EE-871611B6413E}.Debug|iPhoneSimulator.Build.0 = Debug|Any CPU
		{C39D5689-B686-4575-88EE-871611B6413E}.Debug|iPhoneSimulator.Deploy.0 = Debug|Any CPU
		{C39D5689-B686-4575-88EE-871611B6413E}.Release|Any CPU.ActiveCfg = Release|Any CPU
		{C39D5689-B686-4575-88EE-871611B6413E}.Release|Any CPU.Build.0 = Release|Any CPU
		{C39D5689-B686-4575-88EE-871611B6413E}.Release|iPhone.ActiveCfg = Release|Any CPU
		{C39D5689-B686-4575-88EE-871611B6413E}.Release|iPhone.Build.0 = Release|Any CPU
		{C39D5689-B686-4575-88EE-871611B6413E}.Release|iPhone.Deploy.0 = Release|Any CPU
		{C39D5689-B686-4575-88EE-871611B6413E}.Release|iPhoneSimulator.ActiveCfg = Release|Any CPU
		{C39D5689-B686-4575-88EE-871611B6413E}.Release|iPhoneSimulator.Build.0 = Release|Any CPU
		{C39D5689-B686-4575-88EE-871611B6413E}.Release|iPhoneSimulator.Deploy.0 = Release|Any CPU
		{8A671289-B506-4AB7-8E5D-963025979446}.Ad-Hoc|Any CPU.ActiveCfg = Release|Any CPU
		{8A671289-B506-4AB7-8E5D-963025979446}.Ad-Hoc|Any CPU.Build.0 = Release|Any CPU
		{8A671289-B506-4AB7-8E5D-963025979446}.Ad-Hoc|iPhone.ActiveCfg = Release|Any CPU
		{8A671289-B506-4AB7-8E5D-963025979446}.Ad-Hoc|iPhone.Build.0 = Release|Any CPU
		{8A671289-B506-4AB7-8E5D-963025979446}.Ad-Hoc|iPhoneSimulator.ActiveCfg = Release|Any CPU
		{8A671289-B506-4AB7-8E5D-963025979446}.Ad-Hoc|iPhoneSimulator.Build.0 = Release|Any CPU
		{8A671289-B506-4AB7-8E5D-963025979446}.AppStore|Any CPU.ActiveCfg = Release|Any CPU
		{8A671289-B506-4AB7-8E5D-963025979446}.AppStore|Any CPU.Build.0 = Release|Any CPU
		{8A671289-B506-4AB7-8E5D-963025979446}.AppStore|iPhone.ActiveCfg = Release|Any CPU
		{8A671289-B506-4AB7-8E5D-963025979446}.AppStore|iPhone.Build.0 = Release|Any CPU
		{8A671289-B506-4AB7-8E5D-963025979446}.AppStore|iPhoneSimulator.ActiveCfg = Release|Any CPU
		{8A671289-B506-4AB7-8E5D-963025979446}.AppStore|iPhoneSimulator.Build.0 = Release|Any CPU
		{8A671289-B506-4AB7-8E5D-963025979446}.Debug|Any CPU.ActiveCfg = Debug|Any CPU
		{8A671289-B506-4AB7-8E5D-963025979446}.Debug|Any CPU.Build.0 = Debug|Any CPU
		{8A671289-B506-4AB7-8E5D-963025979446}.Debug|iPhone.ActiveCfg = Debug|Any CPU
		{8A671289-B506-4AB7-8E5D-963025979446}.Debug|iPhone.Build.0 = Debug|Any CPU
		{8A671289-B506-4AB7-8E5D-963025979446}.Debug|iPhoneSimulator.ActiveCfg = Debug|Any CPU
		{8A671289-B506-4AB7-8E5D-963025979446}.Debug|iPhoneSimulator.Build.0 = Debug|Any CPU
		{8A671289-B506-4AB7-8E5D-963025979446}.Release|Any CPU.ActiveCfg = Release|Any CPU
		{8A671289-B506-4AB7-8E5D-963025979446}.Release|Any CPU.Build.0 = Release|Any CPU
		{8A671289-B506-4AB7-8E5D-963025979446}.Release|iPhone.ActiveCfg = Release|Any CPU
		{8A671289-B506-4AB7-8E5D-963025979446}.Release|iPhone.Build.0 = Release|Any CPU
		{8A671289-B506-4AB7-8E5D-963025979446}.Release|iPhoneSimulator.ActiveCfg = Release|Any CPU
		{8A671289-B506-4AB7-8E5D-963025979446}.Release|iPhoneSimulator.Build.0 = Release|Any CPU
		{C9914AC9-7F1C-4043-806C-86D0A9C03A9E}.Ad-Hoc|Any CPU.ActiveCfg = Release|Any CPU
		{C9914AC9-7F1C-4043-806C-86D0A9C03A9E}.Ad-Hoc|Any CPU.Build.0 = Release|Any CPU
		{C9914AC9-7F1C-4043-806C-86D0A9C03A9E}.Ad-Hoc|iPhone.ActiveCfg = Release|Any CPU
		{C9914AC9-7F1C-4043-806C-86D0A9C03A9E}.Ad-Hoc|iPhone.Build.0 = Release|Any CPU
		{C9914AC9-7F1C-4043-806C-86D0A9C03A9E}.Ad-Hoc|iPhoneSimulator.ActiveCfg = Release|Any CPU
		{C9914AC9-7F1C-4043-806C-86D0A9C03A9E}.Ad-Hoc|iPhoneSimulator.Build.0 = Release|Any CPU
		{C9914AC9-7F1C-4043-806C-86D0A9C03A9E}.AppStore|Any CPU.ActiveCfg = Release|Any CPU
		{C9914AC9-7F1C-4043-806C-86D0A9C03A9E}.AppStore|Any CPU.Build.0 = Release|Any CPU
		{C9914AC9-7F1C-4043-806C-86D0A9C03A9E}.AppStore|iPhone.ActiveCfg = Release|Any CPU
		{C9914AC9-7F1C-4043-806C-86D0A9C03A9E}.AppStore|iPhone.Build.0 = Release|Any CPU
		{C9914AC9-7F1C-4043-806C-86D0A9C03A9E}.AppStore|iPhoneSimulator.ActiveCfg = Release|Any CPU
		{C9914AC9-7F1C-4043-806C-86D0A9C03A9E}.AppStore|iPhoneSimulator.Build.0 = Release|Any CPU
		{C9914AC9-7F1C-4043-806C-86D0A9C03A9E}.Debug|Any CPU.ActiveCfg = Debug|Any CPU
		{C9914AC9-7F1C-4043-806C-86D0A9C03A9E}.Debug|Any CPU.Build.0 = Debug|Any CPU
		{C9914AC9-7F1C-4043-806C-86D0A9C03A9E}.Debug|iPhone.ActiveCfg = Debug|Any CPU
		{C9914AC9-7F1C-4043-806C-86D0A9C03A9E}.Debug|iPhone.Build.0 = Debug|Any CPU
		{C9914AC9-7F1C-4043-806C-86D0A9C03A9E}.Debug|iPhoneSimulator.ActiveCfg = Debug|Any CPU
		{C9914AC9-7F1C-4043-806C-86D0A9C03A9E}.Debug|iPhoneSimulator.Build.0 = Debug|Any CPU
		{C9914AC9-7F1C-4043-806C-86D0A9C03A9E}.Release|Any CPU.ActiveCfg = Release|Any CPU
		{C9914AC9-7F1C-4043-806C-86D0A9C03A9E}.Release|Any CPU.Build.0 = Release|Any CPU
		{C9914AC9-7F1C-4043-806C-86D0A9C03A9E}.Release|iPhone.ActiveCfg = Release|Any CPU
		{C9914AC9-7F1C-4043-806C-86D0A9C03A9E}.Release|iPhone.Build.0 = Release|Any CPU
		{C9914AC9-7F1C-4043-806C-86D0A9C03A9E}.Release|iPhoneSimulator.ActiveCfg = Release|Any CPU
		{C9914AC9-7F1C-4043-806C-86D0A9C03A9E}.Release|iPhoneSimulator.Build.0 = Release|Any CPU
		{879CA5C3-A7D3-45EA-9B6B-72F2FF5B02F1}.Ad-Hoc|Any CPU.ActiveCfg = Ad-Hoc|iPhone
		{879CA5C3-A7D3-45EA-9B6B-72F2FF5B02F1}.Ad-Hoc|iPhone.ActiveCfg = Ad-Hoc|iPhone
		{879CA5C3-A7D3-45EA-9B6B-72F2FF5B02F1}.Ad-Hoc|iPhone.Build.0 = Ad-Hoc|iPhone
		{879CA5C3-A7D3-45EA-9B6B-72F2FF5B02F1}.Ad-Hoc|iPhoneSimulator.ActiveCfg = Ad-Hoc|iPhoneSimulator
		{879CA5C3-A7D3-45EA-9B6B-72F2FF5B02F1}.Ad-Hoc|iPhoneSimulator.Build.0 = Ad-Hoc|iPhoneSimulator
		{879CA5C3-A7D3-45EA-9B6B-72F2FF5B02F1}.AppStore|Any CPU.ActiveCfg = AppStore|iPhone
		{879CA5C3-A7D3-45EA-9B6B-72F2FF5B02F1}.AppStore|iPhone.ActiveCfg = AppStore|iPhone
		{879CA5C3-A7D3-45EA-9B6B-72F2FF5B02F1}.AppStore|iPhone.Build.0 = AppStore|iPhone
		{879CA5C3-A7D3-45EA-9B6B-72F2FF5B02F1}.AppStore|iPhoneSimulator.ActiveCfg = AppStore|iPhoneSimulator
		{879CA5C3-A7D3-45EA-9B6B-72F2FF5B02F1}.AppStore|iPhoneSimulator.Build.0 = AppStore|iPhoneSimulator
		{879CA5C3-A7D3-45EA-9B6B-72F2FF5B02F1}.Debug|Any CPU.ActiveCfg = Debug|iPhoneSimulator
		{879CA5C3-A7D3-45EA-9B6B-72F2FF5B02F1}.Debug|Any CPU.Build.0 = Debug|iPhoneSimulator
		{879CA5C3-A7D3-45EA-9B6B-72F2FF5B02F1}.Debug|Any CPU.Deploy.0 = Debug|iPhoneSimulator
		{879CA5C3-A7D3-45EA-9B6B-72F2FF5B02F1}.Debug|iPhone.ActiveCfg = Debug|iPhone
		{879CA5C3-A7D3-45EA-9B6B-72F2FF5B02F1}.Debug|iPhone.Build.0 = Debug|iPhone
		{879CA5C3-A7D3-45EA-9B6B-72F2FF5B02F1}.Debug|iPhoneSimulator.ActiveCfg = Debug|iPhoneSimulator
		{879CA5C3-A7D3-45EA-9B6B-72F2FF5B02F1}.Debug|iPhoneSimulator.Build.0 = Debug|iPhoneSimulator
		{879CA5C3-A7D3-45EA-9B6B-72F2FF5B02F1}.Release|Any CPU.ActiveCfg = Release|iPhone
		{879CA5C3-A7D3-45EA-9B6B-72F2FF5B02F1}.Release|iPhone.ActiveCfg = Release|iPhone
		{879CA5C3-A7D3-45EA-9B6B-72F2FF5B02F1}.Release|iPhone.Build.0 = Release|iPhone
		{879CA5C3-A7D3-45EA-9B6B-72F2FF5B02F1}.Release|iPhoneSimulator.ActiveCfg = Release|iPhoneSimulator
		{879CA5C3-A7D3-45EA-9B6B-72F2FF5B02F1}.Release|iPhoneSimulator.Build.0 = Release|iPhoneSimulator
	EndGlobalSection
	GlobalSection(SolutionProperties) = preSolution
		HideSolutionNode = FALSE
	EndGlobalSection
EndGlobal
